
Microsoft Visual Studio Solution File, Format Version 12.00
# Visual Studio Version 16
VisualStudioVersion = 16.0.31702.278
MinimumVisualStudioVersion = 10.0.40219.1
Project("{FAE04EC0-301F-11D3-BF4B-00C04F79EFBC}") = "CityWeb.Transport", "CityWeb.Transport\CityWeb.Transport.csproj", "{1B18C7A8-0678-449E-AB9A-CD6D346B1CE8}"
EndProject
Global
	GlobalSection(SolutionConfigurationPlatforms) = preSolution
		Debug|Any CPU = Debug|Any CPU
		Release|Any CPU = Release|Any CPU
	EndGlobalSection
	GlobalSection(ProjectConfigurationPlatforms) = postSolution
		{1B18C7A8-0678-449E-AB9A-CD6D346B1CE8}.Debug|Any CPU.ActiveCfg = Debug|Any CPU
		{1B18C7A8-0678-449E-AB9A-CD6D346B1CE8}.Debug|Any CPU.Build.0 = Debug|Any CPU
		{1B18C7A8-0678-449E-AB9A-CD6D346B1CE8}.Release|Any CPU.ActiveCfg = Release|Any CPU
		{1B18C7A8-0678-449E-AB9A-CD6D346B1CE8}.Release|Any CPU.Build.0 = Release|Any CPU
	EndGlobalSection
	GlobalSection(SolutionProperties) = preSolution
		HideSolutionNode = FALSE
	EndGlobalSection
	GlobalSection(ExtensibilityGlobals) = postSolution
		SolutionGuid = {89ECFBF1-2E92-4E93-9B76-41CE7BF59FC5}
	EndGlobalSection
EndGlobal
